
Microsoft Visual Studio Solution File, Format Version 12.00
# Visual Studio 14
VisualStudioVersion = 14.0.24720.0
MinimumVisualStudioVersion = 10.0.40219.1
Project("{FAE04EC0-301F-11D3-BF4B-00C04F79EFBC}") = "Lab_1", "Lab_1\Lab_1.csproj", "{746F7E0B-0CC8-439C-964C-640A5942263B}"
EndProject
Global
	GlobalSection(SolutionConfigurationPlatforms) = preSolution
		Debug|Any CPU = Debug|Any CPU
		Release|Any CPU = Release|Any CPU
	EndGlobalSection
	GlobalSection(ProjectConfigurationPlatforms) = postSolution
		{746F7E0B-0CC8-439C-964C-640A5942263B}.Debug|Any CPU.ActiveCfg = Debug|Any CPU
		{746F7E0B-0CC8-439C-964C-640A5942263B}.Debug|Any CPU.Build.0 = Debug|Any CPU
		{746F7E0B-0CC8-439C-964C-640A5942263B}.Release|Any CPU.ActiveCfg = Release|Any CPU
		{746F7E0B-0CC8-439C-964C-640A5942263B}.Release|Any CPU.Build.0 = Release|Any CPU
	EndGlobalSection
	GlobalSection(SolutionProperties) = preSolution
		HideSolutionNode = FALSE
	EndGlobalSection
EndGlobal
